
Microsoft Visual Studio Solution File, Format Version 12.00
# Visual Studio 2013
VisualStudioVersion = 12.0.30723.0
MinimumVisualStudioVersion = 10.0.40219.1
Project("{2150E333-8FDC-42A3-9474-1A3956D46DE8}") = "Frontend", "Frontend", "{0C556D2B-8D40-45A9-B952-A04D439C8723}"
EndProject
Project("{2150E333-8FDC-42A3-9474-1A3956D46DE8}") = "Core", "Core", "{D60D5975-B6EE-4A4B-AB86-F84BF41058FA}"
EndProject
Project("{2150E333-8FDC-42A3-9474-1A3956D46DE8}") = "API", "API", "{664A3ECD-9008-40BF-9854-0F8F60959B98}"
EndProject
Project("{2150E333-8FDC-42A3-9474-1A3956D46DE8}") = "Tests", "Tests", "{9CB938B2-0D9F-4A35-9E85-5BDBD622689C}"
EndProject
Project("{FAE04EC0-301F-11D3-BF4B-00C04F79EFBC}") = "Hqub.Mellody.Client", "src\Hqub.Mellody.Client\Hqub.Mellody.Client.csproj", "{EFB2E6D0-6A25-4198-B068-37D7AD80F989}"
EndProject
Project("{F2A71F9B-5D33-465A-A702-920D77279786}") = "Hqub.Mellody.AI", "src\Hqub.Mellody.AI\Hqub.Mellody.AI.fsproj", "{0A953174-7DA2-444A-9036-BA5ADE2DBAF9}"
EndProject
Project("{FAE04EC0-301F-11D3-BF4B-00C04F79EFBC}") = "Hqub.Mellody.Core", "src\Hqub.Mellody.Core\Hqub.Mellody.Core.csproj", "{08B559A0-A10A-4B5A-8ACE-0D4E2DDACB1F}"
EndProject
Project("{FAE04EC0-301F-11D3-BF4B-00C04F79EFBC}") = "Hqub.Mellody.Store", "src\Hqub.Mellody.Store\Hqub.Mellody.Store.csproj", "{9E16C926-9C4B-45C1-AF15-351155184518}"
EndProject
Project("{FAE04EC0-301F-11D3-BF4B-00C04F79EFBC}") = "Hqub.Melody.VK.Tests", "tests\Hqub.Melody.VK.Tests\Hqub.Melody.VK.Tests.csproj", "{B5795BED-96DD-4ED5-9BA7-7376EE2272E2}"
EndProject
Project("{FAE04EC0-301F-11D3-BF4B-00C04F79EFBC}") = "Hqub.Mellowave.Vkontakte.API", "src\vkapi\Hqub.Mellowave.Vkontakte.API\Hqub.Mellowave.Vkontakte.API.csproj", "{2731A412-D568-4C1C-B407-406DFE69EF4D}"
EndProject
Project("{FAE04EC0-301F-11D3-BF4B-00C04F79EFBC}") = "Hqub.Mellody.HostService", "Hqub.Mellody.HostService\Hqub.Mellody.HostService.csproj", "{A1D60315-B940-4E29-BF10-943CC90A69D3}"
EndProject
Global
	GlobalSection(SolutionConfigurationPlatforms) = preSolution
		Debug|Any CPU = Debug|Any CPU
		Release|Any CPU = Release|Any CPU
	EndGlobalSection
	GlobalSection(ProjectConfigurationPlatforms) = postSolution
		{EFB2E6D0-6A25-4198-B068-37D7AD80F989}.Debug|Any CPU.ActiveCfg = Debug|Any CPU
		{EFB2E6D0-6A25-4198-B068-37D7AD80F989}.Debug|Any CPU.Build.0 = Debug|Any CPU
		{EFB2E6D0-6A25-4198-B068-37D7AD80F989}.Release|Any CPU.ActiveCfg = Release|Any CPU
		{EFB2E6D0-6A25-4198-B068-37D7AD80F989}.Release|Any CPU.Build.0 = Release|Any CPU
		{0A953174-7DA2-444A-9036-BA5ADE2DBAF9}.Debug|Any CPU.ActiveCfg = Debug|Any CPU
		{0A953174-7DA2-444A-9036-BA5ADE2DBAF9}.Debug|Any CPU.Build.0 = Debug|Any CPU
		{0A953174-7DA2-444A-9036-BA5ADE2DBAF9}.Release|Any CPU.ActiveCfg = Release|Any CPU
		{0A953174-7DA2-444A-9036-BA5ADE2DBAF9}.Release|Any CPU.Build.0 = Release|Any CPU
		{08B559A0-A10A-4B5A-8ACE-0D4E2DDACB1F}.Debug|Any CPU.ActiveCfg = Debug|Any CPU
		{08B559A0-A10A-4B5A-8ACE-0D4E2DDACB1F}.Debug|Any CPU.Build.0 = Debug|Any CPU
		{08B559A0-A10A-4B5A-8ACE-0D4E2DDACB1F}.Release|Any CPU.ActiveCfg = Release|Any CPU
		{08B559A0-A10A-4B5A-8ACE-0D4E2DDACB1F}.Release|Any CPU.Build.0 = Release|Any CPU
		{9E16C926-9C4B-45C1-AF15-351155184518}.Debug|Any CPU.ActiveCfg = Debug|Any CPU
		{9E16C926-9C4B-45C1-AF15-351155184518}.Debug|Any CPU.Build.0 = Debug|Any CPU
		{9E16C926-9C4B-45C1-AF15-351155184518}.Release|Any CPU.ActiveCfg = Release|Any CPU
		{9E16C926-9C4B-45C1-AF15-351155184518}.Release|Any CPU.Build.0 = Release|Any CPU
		{B5795BED-96DD-4ED5-9BA7-7376EE2272E2}.Debug|Any CPU.ActiveCfg = Debug|Any CPU
		{B5795BED-96DD-4ED5-9BA7-7376EE2272E2}.Debug|Any CPU.Build.0 = Debug|Any CPU
		{B5795BED-96DD-4ED5-9BA7-7376EE2272E2}.Release|Any CPU.ActiveCfg = Release|Any CPU
		{B5795BED-96DD-4ED5-9BA7-7376EE2272E2}.Release|Any CPU.Build.0 = Release|Any CPU
		{2731A412-D568-4C1C-B407-406DFE69EF4D}.Debug|Any CPU.ActiveCfg = Debug|Any CPU
		{2731A412-D568-4C1C-B407-406DFE69EF4D}.Debug|Any CPU.Build.0 = Debug|Any CPU
		{2731A412-D568-4C1C-B407-406DFE69EF4D}.Release|Any CPU.ActiveCfg = Release|Any CPU
		{2731A412-D568-4C1C-B407-406DFE69EF4D}.Release|Any CPU.Build.0 = Release|Any CPU
		{A1D60315-B940-4E29-BF10-943CC90A69D3}.Debug|Any CPU.ActiveCfg = Debug|Any CPU
		{A1D60315-B940-4E29-BF10-943CC90A69D3}.Debug|Any CPU.Build.0 = Debug|Any CPU
		{A1D60315-B940-4E29-BF10-943CC90A69D3}.Release|Any CPU.ActiveCfg = Release|Any CPU
		{A1D60315-B940-4E29-BF10-943CC90A69D3}.Release|Any CPU.Build.0 = Release|Any CPU
	EndGlobalSection
	GlobalSection(SolutionProperties) = preSolution
		HideSolutionNode = FALSE
	EndGlobalSection
	GlobalSection(NestedProjects) = preSolution
		{EFB2E6D0-6A25-4198-B068-37D7AD80F989} = {0C556D2B-8D40-45A9-B952-A04D439C8723}
		{0A953174-7DA2-444A-9036-BA5ADE2DBAF9} = {D60D5975-B6EE-4A4B-AB86-F84BF41058FA}
		{08B559A0-A10A-4B5A-8ACE-0D4E2DDACB1F} = {D60D5975-B6EE-4A4B-AB86-F84BF41058FA}
		{9E16C926-9C4B-45C1-AF15-351155184518} = {D60D5975-B6EE-4A4B-AB86-F84BF41058FA}
		{B5795BED-96DD-4ED5-9BA7-7376EE2272E2} = {9CB938B2-0D9F-4A35-9E85-5BDBD622689C}
		{2731A412-D568-4C1C-B407-406DFE69EF4D} = {664A3ECD-9008-40BF-9854-0F8F60959B98}
		{A1D60315-B940-4E29-BF10-943CC90A69D3} = {0C556D2B-8D40-45A9-B952-A04D439C8723}
	EndGlobalSection
EndGlobal
